
Microsoft Visual Studio Solution File, Format Version 12.00
# Visual Studio Version 17
VisualStudioVersion = 17.0.31903.59
MinimumVisualStudioVersion = 10.0.40219.1
Project("{FAE04EC0-301F-11D3-BF4B-00C04F79EFBC}") = "ApiTestingDashboard.Infrastructure", "ApiTestingDashboard.Infrastructure\ApiTestingDashboard.Infrastructure.csproj", "{A6FDFCFC-4341-4743-AFF9-6945DD31ADC7}"
EndProject
Project("{FAE04EC0-301F-11D3-BF4B-00C04F79EFBC}") = "ApiTestingDashboard.Shared", "ApiTestingDashboard.Shared\ApiTestingDashboard.Shared.csproj", "{427337E3-6757-4613-84A7-C3309F4303E1}"
EndProject
Project("{FAE04EC0-301F-11D3-BF4B-00C04F79EFBC}") = "ApiTestingDashboard.Web", "ApiTestingDashboard.Web\ApiTestingDashboard.Web.csproj", "{69CB90A8-321A-4132-90E0-D06FAA67264D}"
EndProject
Project("{FAE04EC0-301F-11D3-BF4B-00C04F79EFBC}") = "ApiTestingDashboard.Core", "ApiTestingDashboard.Core\ApiTestingDashboard.Core.csproj", "{B1435FA1-5DAB-4856-88B5-79C5CB5AA8F6}"
EndProject
Global
	GlobalSection(SolutionConfigurationPlatforms) = preSolution
		Debug|Any CPU = Debug|Any CPU
		Debug|x64 = Debug|x64
		Debug|x86 = Debug|x86
		Release|Any CPU = Release|Any CPU
		Release|x64 = Release|x64
		Release|x86 = Release|x86
	EndGlobalSection
	GlobalSection(ProjectConfigurationPlatforms) = postSolution
		{A6FDFCFC-4341-4743-AFF9-6945DD31ADC7}.Debug|Any CPU.ActiveCfg = Debug|Any CPU
		{A6FDFCFC-4341-4743-AFF9-6945DD31ADC7}.Debug|Any CPU.Build.0 = Debug|Any CPU
		{A6FDFCFC-4341-4743-AFF9-6945DD31ADC7}.Debug|x64.ActiveCfg = Debug|Any CPU
		{A6FDFCFC-4341-4743-AFF9-6945DD31ADC7}.Debug|x64.Build.0 = Debug|Any CPU
		{A6FDFCFC-4341-4743-AFF9-6945DD31ADC7}.Debug|x86.ActiveCfg = Debug|Any CPU
		{A6FDFCFC-4341-4743-AFF9-6945DD31ADC7}.Debug|x86.Build.0 = Debug|Any CPU
		{A6FDFCFC-4341-4743-AFF9-6945DD31ADC7}.Release|Any CPU.ActiveCfg = Release|Any CPU
		{A6FDFCFC-4341-4743-AFF9-6945DD31ADC7}.Release|Any CPU.Build.0 = Release|Any CPU
		{A6FDFCFC-4341-4743-AFF9-6945DD31ADC7}.Release|x64.ActiveCfg = Release|Any CPU
		{A6FDFCFC-4341-4743-AFF9-6945DD31ADC7}.Release|x64.Build.0 = Release|Any CPU
		{A6FDFCFC-4341-4743-AFF9-6945DD31ADC7}.Release|x86.ActiveCfg = Release|Any CPU
		{A6FDFCFC-4341-4743-AFF9-6945DD31ADC7}.Release|x86.Build.0 = Release|Any CPU
		{427337E3-6757-4613-84A7-C3309F4303E1}.Debug|Any CPU.ActiveCfg = Debug|Any CPU
		{427337E3-6757-4613-84A7-C3309F4303E1}.Debug|Any CPU.Build.0 = Debug|Any CPU
		{427337E3-6757-4613-84A7-C3309F4303E1}.Debug|x64.ActiveCfg = Debug|Any CPU
		{427337E3-6757-4613-84A7-C3309F4303E1}.Debug|x64.Build.0 = Debug|Any CPU
		{427337E3-6757-4613-84A7-C3309F4303E1}.Debug|x86.ActiveCfg = Debug|Any CPU
		{427337E3-6757-4613-84A7-C3309F4303E1}.Debug|x86.Build.0 = Debug|Any CPU
		{427337E3-6757-4613-84A7-C3309F4303E1}.Release|Any CPU.ActiveCfg = Release|Any CPU
		{427337E3-6757-4613-84A7-C3309F4303E1}.Release|Any CPU.Build.0 = Release|Any CPU
		{427337E3-6757-4613-84A7-C3309F4303E1}.Release|x64.ActiveCfg = Release|Any CPU
		{427337E3-6757-4613-84A7-C3309F4303E1}.Release|x64.Build.0 = Release|Any CPU
		{427337E3-6757-4613-84A7-C3309F4303E1}.Release|x86.ActiveCfg = Release|Any CPU
		{427337E3-6757-4613-84A7-C3309F4303E1}.Release|x86.Build.0 = Release|Any CPU
		{69CB90A8-321A-4132-90E0-D06FAA67264D}.Debug|Any CPU.ActiveCfg = Debug|Any CPU
		{69CB90A8-321A-4132-90E0-D06FAA67264D}.Debug|Any CPU.Build.0 = Debug|Any CPU
		{69CB90A8-321A-4132-90E0-D06FAA67264D}.Debug|x64.ActiveCfg = Debug|Any CPU
		{69CB90A8-321A-4132-90E0-D06FAA67264D}.Debug|x64.Build.0 = Debug|Any CPU
		{69CB90A8-321A-4132-90E0-D06FAA67264D}.Debug|x86.ActiveCfg = Debug|Any CPU
		{69CB90A8-321A-4132-90E0-D06FAA67264D}.Debug|x86.Build.0 = Debug|Any CPU
		{69CB90A8-321A-4132-90E0-D06FAA67264D}.Release|Any CPU.ActiveCfg = Release|Any CPU
		{69CB90A8-321A-4132-90E0-D06FAA67264D}.Release|Any CPU.Build.0 = Release|Any CPU
		{69CB90A8-321A-4132-90E0-D06FAA67264D}.Release|x64.ActiveCfg = Release|Any CPU
		{69CB90A8-321A-4132-90E0-D06FAA67264D}.Release|x64.Build.0 = Release|Any CPU
		{69CB90A8-321A-4132-90E0-D06FAA67264D}.Release|x86.ActiveCfg = Release|Any CPU
		{69CB90A8-321A-4132-90E0-D06FAA67264D}.Release|x86.Build.0 = Release|Any CPU
		{B1435FA1-5DAB-4856-88B5-79C5CB5AA8F6}.Debug|Any CPU.ActiveCfg = Debug|Any CPU
		{B1435FA1-5DAB-4856-88B5-79C5CB5AA8F6}.Debug|Any CPU.Build.0 = Debug|Any CPU
		{B1435FA1-5DAB-4856-88B5-79C5CB5AA8F6}.Debug|x64.ActiveCfg = Debug|Any CPU
		{B1435FA1-5DAB-4856-88B5-79C5CB5AA8F6}.Debug|x64.Build.0 = Debug|Any CPU
		{B1435FA1-5DAB-4856-88B5-79C5CB5AA8F6}.Debug|x86.ActiveCfg = Debug|Any CPU
		{B1435FA1-5DAB-4856-88B5-79C5CB5AA8F6}.Debug|x86.Build.0 = Debug|Any CPU
		{B1435FA1-5DAB-4856-88B5-79C5CB5AA8F6}.Release|Any CPU.ActiveCfg = Release|Any CPU
		{B1435FA1-5DAB-4856-88B5-79C5CB5AA8F6}.Release|Any CPU.Build.0 = Release|Any CPU
		{B1435FA1-5DAB-4856-88B5-79C5CB5AA8F6}.Release|x64.ActiveCfg = Release|Any CPU
		{B1435FA1-5DAB-4856-88B5-79C5CB5AA8F6}.Release|x64.Build.0 = Release|Any CPU
		{B1435FA1-5DAB-4856-88B5-79C5CB5AA8F6}.Release|x86.ActiveCfg = Release|Any CPU
		{B1435FA1-5DAB-4856-88B5-79C5CB5AA8F6}.Release|x86.Build.0 = Release|Any CPU
	EndGlobalSection
	GlobalSection(SolutionProperties) = preSolution
		HideSolutionNode = FALSE
	EndGlobalSection
EndGlobal
